// !$*UTF8*$!
{
	archiveVersion = 1;
	classes = {
	};
	objectVersion = 50;
	objects = {

/* Begin PBXBuildFile section */
		D929BEAC27ED366100B04B91 /* HobbyCell.swift in Sources */ = {isa = PBXBuildFile; fileRef = D929BEAB27ED366100B04B91 /* HobbyCell.swift */; };
		D942DA4B27ED3F9800310BE5 /* HobbiesData.swift in Sources */ = {isa = PBXBuildFile; fileRef = D942DA4A27ED3F9800310BE5 /* HobbiesData.swift */; };
		D944888527ED1898005EF37C /* AppDelegate.swift in Sources */ = {isa = PBXBuildFile; fileRef = D944888427ED1898005EF37C /* AppDelegate.swift */; };
		D944888727ED1898005EF37C /* SceneDelegate.swift in Sources */ = {isa = PBXBuildFile; fileRef = D944888627ED1898005EF37C /* SceneDelegate.swift */; };
		D944888927ED1898005EF37C /* HobbiesViewController.swift in Sources */ = {isa = PBXBuildFile; fileRef = D944888827ED1898005EF37C /* HobbiesViewController.swift */; };
		D944888C27ED1898005EF37C /* Main.storyboard in Resources */ = {isa = PBXBuildFile; fileRef = D944888A27ED1898005EF37C /* Main.storyboard */; };
		D944888E27ED1899005EF37C /* Assets.xcassets in Resources */ = {isa = PBXBuildFile; fileRef = D944888D27ED1899005EF37C /* Assets.xcassets */; };
		D944889127ED1899005EF37C /* LaunchScreen.storyboard in Resources */ = {isa = PBXBuildFile; fileRef = D944888F27ED1899005EF37C /* LaunchScreen.storyboard */; };
		D944889D27ED371A005EF37C /* CustomLayout.swift in Sources */ = {isa = PBXBuildFile; fileRef = D944889C27ED371A005EF37C /* CustomLayout.swift */; };
/* End PBXBuildFile section */

/* Begin PBXFileReference section */
		D929BEAB27ED366100B04B91 /* HobbyCell.swift */ = {isa = PBXFileReference; lastKnownFileType = sourcecode.swift; path = HobbyCell.swift; sourceTree = "<group>"; };
		D942DA4A27ED3F9800310BE5 /* HobbiesData.swift */ = {isa = PBXFileReference; lastKnownFileType = sourcecode.swift; path = HobbiesData.swift; sourceTree = "<group>"; };
		D944888127ED1898005EF37C /* Hobbies.app */ = {isa = PBXFileReference; explicitFileType = wrapper.application; includeInIndex = 0; path = Hobbies.app; sourceTree = BUILT_PRODUCTS_DIR; };
		D944888427ED1898005EF37C /* AppDelegate.swift */ = {isa = PBXFileReference; lastKnownFileType = sourcecode.swift; path = AppDelegate.swift; sourceTree = "<group>"; };
		D944888627ED1898005EF37C /* SceneDelegate.swift */ = {isa = PBXFileReference; lastKnownFileType = sourcecode.swift; path = SceneDelegate.swift; sourceTree = "<group>"; };
		D944888827ED1898005EF37C /* HobbiesViewController.swift */ = {isa = PBXFileReference; lastKnownFileType = sourcecode.swift; path = HobbiesViewController.swift; sourceTree = "<group>"; };
		D944888B27ED1898005EF37C /* Base */ = {isa = PBXFileReference; lastKnownFileType = file.storyboard; name = Base; path = Base.lproj/Main.storyboard; sourceTree = "<group>"; };
		D944888D27ED1899005EF37C /* Assets.xcassets */ = {isa = PBXFileReference; lastKnownFileType = folder.assetcatalog; path = Assets.xcassets; sourceTree = "<group>"; };
		D944889027ED1899005EF37C /* Base */ = {isa = PBXFileReference; lastKnownFileType = file.storyboard; name = Base; path = Base.lproj/LaunchScreen.storyboard; sourceTree = "<group>"; };
		D944889227ED1899005EF37C /* Info.plist */ = {isa = PBXFileReference; lastKnownFileType = text.plist.xml; path = Info.plist; sourceTree = "<group>"; };
		D944889C27ED371A005EF37C /* CustomLayout.swift */ = {isa = PBXFileReference; lastKnownFileType = sourcecode.swift; path = CustomLayout.swift; sourceTree = "<group>"; };
/* End PBXFileReference section */

/* Begin PBXFrameworksBuildPhase section */
		D944887E27ED1898005EF37C /* Frameworks */ = {
			isa = PBXFrameworksBuildPhase;
			buildActionMask = 2147483647;
			files = (
			);
			runOnlyForDeploymentPostprocessing = 0;
		};
/* End PBXFrameworksBuildPhase section */

/* Begin PBXGroup section */
		D944887827ED1898005EF37C = {
			isa = PBXGroup;
			children = (
				D944888327ED1898005EF37C /* Hobbies */,
				D944888227ED1898005EF37C /* Products */,
			);
			sourceTree = "<group>";
		};
		D944888227ED1898005EF37C /* Products */ = {
			isa = PBXGroup;
			children = (
				D944888127ED1898005EF37C /* Hobbies.app */,
			);
			name = Products;
			sourceTree = "<group>";
		};
		D944888327ED1898005EF37C /* Hobbies */ = {
			isa = PBXGroup;
			children = (
				D944888427ED1898005EF37C /* AppDelegate.swift */,
				D944888627ED1898005EF37C /* SceneDelegate.swift */,
				D942DA4A27ED3F9800310BE5 /* HobbiesData.swift */,
				D944889C27ED371A005EF37C /* CustomLayout.swift */,
				D944888827ED1898005EF37C /* HobbiesViewController.swift */,
				D929BEAB27ED366100B04B91 /* HobbyCell.swift */,
				D944888A27ED1898005EF37C /* Main.storyboard */,
				D944888F27ED1899005EF37C /* LaunchScreen.storyboard */,
				D944888D27ED1899005EF37C /* Assets.xcassets */,
				D944889227ED1899005EF37C /* Info.plist */,
			);
			path = Hobbies;
			sourceTree = "<group>";
		};
/* End PBXGroup section */

/* Begin PBXNativeTarget section */
		D944888027ED1898005EF37C /* Hobbies */ = {
			isa = PBXNativeTarget;
			buildConfigurationList = D944889527ED1899005EF37C /* Build configuration list for PBXNativeTarget "Hobbies" */;
			buildPhases = (
				D944887D27ED1898005EF37C /* Sources */,
				D944887E27ED1898005EF37C /* Frameworks */,
				D944887F27ED1898005EF37C /* Resources */,
			);
			buildRules = (
			);
			dependencies = (
			);
			name = Hobbies;
			productName = Hobbies;
			productReference = D944888127ED1898005EF37C /* Hobbies.app */;
			productType = "com.apple.product-type.application";
		};
/* End PBXNativeTarget section */

/* Begin PBXProject section */
		D944887927ED1898005EF37C /* Project object */ = {
			isa = PBXProject;
			attributes = {
				LastSwiftUpdateCheck = 1200;
				LastUpgradeCheck = 1200;
				TargetAttributes = {
					D944888027ED1898005EF37C = {
						CreatedOnToolsVersion = 12.0;
					};
				};
			};
			buildConfigurationList = D944887C27ED1898005EF37C /* Build configuration list for PBXProject "Hobbies" */;
			compatibilityVersion = "Xcode 9.3";
			developmentRegion = en;
			hasScannedForEncodings = 0;
			knownRegions = (
				en,
				Base,
			);
			mainGroup = D944887827ED1898005EF37C;
			productRefGroup = D944888227ED1898005EF37C /* Products */;
			projectDirPath = "";
			projectRoot = "";
			targets = (
				D944888027ED1898005EF37C /* Hobbies */,
			);
		};
/* End PBXProject section */

/* Begin PBXResourcesBuildPhase section */
		D944887F27ED1898005EF37C /* Resources */ = {
			isa = PBXResourcesBuildPhase;
			buildActionMask = 2147483647;
			files = (
				D944889127ED1899005EF37C /* LaunchScreen.storyboard in Resources */,
				D944888E27ED1899005EF37C /* Assets.xcassets in Resources */,
				D944888C27ED1898005EF37C /* Main.storyboard in Resources */,
			);
			runOnlyForDeploymentPostprocessing = 0;
		};
/* End PBXResourcesBuildPhase section */

/* Begin PBXSourcesBuildPhase section */
		D944887D27ED1898005EF37C /* Sources */ = {
			isa = PBXSourcesBuildPhase;
			buildActionMask = 2147483647;
			files = (
				D944888927ED1898005EF37C /* HobbiesViewController.swift in Sources */,
				D944889D27ED371A005EF37C /* CustomLayout.swift in Sources */,
				D942DA4B27ED3F9800310BE5 /* HobbiesData.swift in Sources */,
				D944888527ED1898005EF37C /* AppDelegate.swift in Sources */,
				D929BEAC27ED366100B04B91 /* HobbyCell.swift in Sources */,
				D944888727ED1898005EF37C /* SceneDelegate.swift in Sources */,
			);
			runOnlyForDeploymentPostprocessing = 0;
		};
/* End PBXSourcesBuildPhase section */

/* Begin PBXVariantGroup section */
		D944888A27ED1898005EF37C /* Main.storyboard */ = {
			isa = PBXVariantGroup;
			children = (
				D944888B27ED1898005EF37C /* Base */,
			);
			name = Main.storyboard;
			sourceTree = "<group>";
		};
		D944888F27ED1899005EF37C /* LaunchScreen.storyboard */ = {
			isa = PBXVariantGroup;
			children = (
				D944889027ED1899005EF37C /* Base */,
			);
			name = LaunchScreen.storyboard;
			sourceTree = "<group>";
		};
/* End PBXVariantGroup section */

/* Begin XCBuildConfiguration section */
		D944889327ED1899005EF37C /* Debug */ = {
			isa = XCBuildConfiguration;
			buildSettings = {
				ALWAYS_SEARCH_USER_PATHS = NO;
				CLANG_ANALYZER_NONNULL = YES;
				CLANG_ANALYZER_NUMBER_OBJECT_CONVERSION = YES_AGGRESSIVE;
				CLANG_CXX_LANGUAGE_STANDARD = "gnu++14";
				CLANG_CXX_LIBRARY = "libc++";
				CLANG_ENABLE_MODULES = YES;
				CLANG_ENABLE_OBJC_ARC = YES;
				CLANG_ENABLE_OBJC_WEAK = YES;
				CLANG_WARN_BLOCK_CAPTURE_AUTORELEASING = YES;
				CLANG_WARN_BOOL_CONVERSION = YES;
				CLANG_WARN_COMMA = YES;
				CLANG_WARN_CONSTANT_CONVERSION = YES;
				CLANG_WARN_DEPRECATED_OBJC_IMPLEMENTATIONS = YES;
				CLANG_WARN_DIRECT_OBJC_ISA_USAGE = YES_ERROR;
				CLANG_WARN_DOCUMENTATION_COMMENTS = YES;
				CLANG_WARN_EMPTY_BODY = YES;
				CLANG_WARN_ENUM_CONVERSION = YES;
				CLANG_WARN_INFINITE_RECURSION = YES;
				CLANG_WARN_INT_CONVERSION = YES;
				CLANG_WARN_NON_LITERAL_NULL_CONVERSION = YES;
				CLANG_WARN_OBJC_IMPLICIT_RETAIN_SELF = YES;
				CLANG_WARN_OBJC_LITERAL_CONVERSION = YES;
				CLANG_WARN_OBJC_ROOT_CLASS = YES_ERROR;
				CLANG_WARN_QUOTED_INCLUDE_IN_FRAMEWORK_HEADER = YES;
				CLANG_WARN_RANGE_LOOP_ANALYSIS = YES;
				CLANG_WARN_STRICT_PROTOTYPES = YES;
				CLANG_WARN_SUSPICIOUS_MOVE = YES;
				CLANG_WARN_UNGUARDED_AVAILABILITY = YES_AGGRESSIVE;
				CLANG_WARN_UNREACHABLE_CODE = YES;
				CLANG_WARN__DUPLICATE_METHOD_MATCH = YES;
				COPY_PHASE_STRIP = NO;
				DEBUG_INFORMATION_FORMAT = dwarf;
				ENABLE_STRICT_OBJC_MSGSEND = YES;
				ENABLE_TESTABILITY = YES;
				GCC_C_LANGUAGE_STANDARD = gnu11;
				GCC_DYNAMIC_NO_PIC = NO;
				GCC_NO_COMMON_BLOCKS = YES;
				GCC_OPTIMIZATION_LEVEL = 0;
				GCC_PREPROCESSOR_DEFINITIONS = (
					"DEBUG=1",
					"$(inherited)",
				);
				GCC_WARN_64_TO_32_BIT_CONVERSION = YES;
				GCC_WARN_ABOUT_RETURN_TYPE = YES_ERROR;
				GCC_WARN_UNDECLARED_SELECTOR = YES;
				GCC_WARN_UNINITIALIZED_AUTOS = YES_AGGRESSIVE;
				GCC_WARN_UNUSED_FUNCTION = YES;
				GCC_WARN_UNUSED_VARIABLE = YES;
				IPHONEOS_DEPLOYMENT_TARGET = 14.0;
				MTL_ENABLE_DEBUG_INFO = INCLUDE_SOURCE;
				MTL_FAST_MATH = YES;
				ONLY_ACTIVE_ARCH = YES;
				SDKROOT = iphoneos;
				SWIFT_ACTIVE_COMPILATION_CONDITIONS = DEBUG;
				SWIFT_OPTIMIZATION_LEVEL = "-Onone";
			};
			name = Debug;
		};
		D944889427ED1899005EF37C /* Release */ = {
			isa = XCBuildConfiguration;
			buildSettings = {
				ALWAYS_SEARCH_USER_PATHS = NO;
				CLANG_ANALYZER_NONNULL = YES;
				CLANG_ANALYZER_NUMBER_OBJECT_CONVERSION = YES_AGGRESSIVE;
				CLANG_CXX_LANGUAGE_STANDARD = "gnu++14";
				CLANG_CXX_LIBRARY = "libc++";
				CLANG_ENABLE_MODULES = YES;
				CLANG_ENABLE_OBJC_ARC = YES;
				CLANG_ENABLE_OBJC_WEAK = YES;
				CLANG_WARN_BLOCK_CAPTURE_AUTORELEASING = YES;
				CLANG_WARN_BOOL_CONVERSION = YES;
				CLANG_WARN_COMMA = YES;
				CLANG_WARN_CONSTANT_CONVERSION = YES;
				CLANG_WARN_DEPRECATED_OBJC_IMPLEMENTATIONS = YES;
				CLANG_WARN_DIRECT_OBJC_ISA_USAGE = YES_ERROR;
				CLANG_WARN_DOCUMENTATION_COMMENTS = YES;
				CLANG_WARN_EMPTY_BODY = YES;
				CLANG_WARN_ENUM_CONVERSION = YES;
				CLANG_WARN_INFINITE_RECURSION = YES;
				CLANG_WARN_INT_CONVERSION = YES;
				CLANG_WARN_NON_LITERAL_NULL_CONVERSION = YES;
				CLANG_WARN_OBJC_IMPLICIT_RETAIN_SELF = YES;
				CLANG_WARN_OBJC_LITERAL_CONVERSION = YES;
				CLANG_WARN_OBJC_ROOT_CLASS = YES_ERROR;
				CLANG_WARN_QUOTED_INCLUDE_IN_FRAMEWORK_HEADER = YES;
				CLANG_WARN_RANGE_LOOP_ANALYSIS = YES;
				CLANG_WARN_STRICT_PROTOTYPES = YES;
				CLANG_WARN_SUSPICIOUS_MOVE = YES;
				CLANG_WARN_UNGUARDED_AVAILABILITY = YES_AGGRESSIVE;
				CLANG_WARN_UNREACHABLE_CODE = YES;
				CLANG_WARN__DUPLICATE_METHOD_MATCH = YES;
				COPY_PHASE_STRIP = NO;
				DEBUG_INFORMATION_FORMAT = "dwarf-with-dsym";
				ENABLE_NS_ASSERTIONS = NO;
				ENABLE_STRICT_OBJC_MSGSEND = YES;
				GCC_C_LANGUAGE_STANDARD = gnu11;
				GCC_NO_COMMON_BLOCKS = YES;
				GCC_WARN_64_TO_32_BIT_CONVERSION = YES;
				GCC_WARN_ABOUT_RETURN_TYPE = YES_ERROR;
				GCC_WARN_UNDECLARED_SELECTOR = YES;
				GCC_WARN_UNINITIALIZED_AUTOS = YES_AGGRESSIVE;
				GCC_WARN_UNUSED_FUNCTION = YES;
				GCC_WARN_UNUSED_VARIABLE = YES;
				IPHONEOS_DEPLOYMENT_TARGET = 14.0;
				MTL_ENABLE_DEBUG_INFO = NO;
				MTL_FAST_MATH = YES;
				SDKROOT = iphoneos;
				SWIFT_COMPILATION_MODE = wholemodule;
				SWIFT_OPTIMIZATION_LEVEL = "-O";
				VALIDATE_PRODUCT = YES;
			};
			name = Release;
		};
		D944889627ED1899005EF37C /* Debug */ = {
			isa = XCBuildConfiguration;
			buildSettings = {
				ASSETCATALOG_COMPILER_APPICON_NAME = AppIcon;
				ASSETCATALOG_COMPILER_GLOBAL_ACCENT_COLOR_NAME = AccentColor;
				CODE_SIGN_STYLE = Automatic;
				DEVELOPMENT_TEAM = BJBR5CVTQD;
				INFOPLIST_FILE = Hobbies/Info.plist;
				LD_RUNPATH_SEARCH_PATHS = (
					"$(inherited)",
					"@executable_path/Frameworks",
				);
				PRODUCT_BUNDLE_IDENTIFIER = myronishyn.ihor.Hobbies;
				PRODUCT_NAME = "$(TARGET_NAME)";
				SWIFT_VERSION = 5.0;
				TARGETED_DEVICE_FAMILY = "1,2";
			};
			name = Debug;
		};
		D944889727ED1899005EF37C /* Release */ = {
			isa = XCBuildConfiguration;
			buildSettings = {
				ASSETCATALOG_COMPILER_APPICON_NAME = AppIcon;
				ASSETCATALOG_COMPILER_GLOBAL_ACCENT_COLOR_NAME = AccentColor;
				CODE_SIGN_STYLE = Automatic;
				DEVELOPMENT_TEAM = BJBR5CVTQD;
				INFOPLIST_FILE = Hobbies/Info.plist;
				LD_RUNPATH_SEARCH_PATHS = (
					"$(inherited)",
					"@executable_path/Frameworks",
				);
				PRODUCT_BUNDLE_IDENTIFIER = myronishyn.ihor.Hobbies;
				PRODUCT_NAME = "$(TARGET_NAME)";
				SWIFT_VERSION = 5.0;
				TARGETED_DEVICE_FAMILY = "1,2";
			};
			name = Release;
		};
/* End XCBuildConfiguration section */

/* Begin XCConfigurationList section */
		D944887C27ED1898005EF37C /* Build configuration list for PBXProject "Hobbies" */ = {
			isa = XCConfigurationList;
			buildConfigurations = (
				D944889327ED1899005EF37C /* Debug */,
				D944889427ED1899005EF37C /* Release */,
			);
			defaultConfigurationIsVisible = 0;
			defaultConfigurationName = Release;
		};
		D944889527ED1899005EF37C /* Build configuration list for PBXNativeTarget "Hobbies" */ = {
			isa = XCConfigurationList;
			buildConfigurations = (
				D944889627ED1899005EF37C /* Debug */,
				D944889727ED1899005EF37C /* Release */,
			);
			defaultConfigurationIsVisible = 0;
			defaultConfigurationName = Release;
		};
/* End XCConfigurationList section */
	};
	rootObject = D944887927ED1898005EF37C /* Project object */;
}
